
Microsoft Visual Studio Solution File, Format Version 12.00
# Visual Studio Version 17
VisualStudioVersion = 17.10.35122.118
MinimumVisualStudioVersion = 10.0.40219.1
Project("{2150E333-8FDC-42A3-9474-1A3956D46DE8}") = "Core", "Core", "{CA166B56-6739-42AF-92CA-04A3E9A9B254}"
EndProject
Project("{2150E333-8FDC-42A3-9474-1A3956D46DE8}") = "Persistance", "Persistance", "{1AD14618-5FB9-4A48-B2A8-9CE9A3FFFABE}"
EndProject
Project("{2150E333-8FDC-42A3-9474-1A3956D46DE8}") = "Presentation", "Presentation", "{41F489FF-0266-4970-9CC5-68240DD315BE}"
EndProject
Project("{9A19103F-16F7-4668-BE54-9A1E7A4F7556}") = "mbs.Application", "Core\mbs.Application\mbs.Application.csproj", "{B875750F-9379-4030-BF5E-027D683B75AE}"
EndProject
Project("{9A19103F-16F7-4668-BE54-9A1E7A4F7556}") = "mbs.Domain", "Core\mbs.Domain\mbs.Domain.csproj", "{58CF9D45-3503-4850-AFA2-3317FD00EEDF}"
EndProject
Project("{9A19103F-16F7-4668-BE54-9A1E7A4F7556}") = "mbs.Persistance", "Persistance\mbs.Persistance\mbs.Persistance.csproj", "{4DB96292-E77A-4A5B-B3CD-E52E533EF1C8}"
EndProject
Project("{9A19103F-16F7-4668-BE54-9A1E7A4F7556}") = "mbs.Presentation", "Presentation\mbs.Presentation\mbs.Presentation.csproj", "{E9E15BF0-5C99-4F33-90CC-0C41FA4504A6}"
EndProject
Global
	GlobalSection(SolutionConfigurationPlatforms) = preSolution
		Debug|Any CPU = Debug|Any CPU
		Release|Any CPU = Release|Any CPU
	EndGlobalSection
	GlobalSection(ProjectConfigurationPlatforms) = postSolution
		{B875750F-9379-4030-BF5E-027D683B75AE}.Debug|Any CPU.ActiveCfg = Debug|Any CPU
		{B875750F-9379-4030-BF5E-027D683B75AE}.Debug|Any CPU.Build.0 = Debug|Any CPU
		{B875750F-9379-4030-BF5E-027D683B75AE}.Release|Any CPU.ActiveCfg = Release|Any CPU
		{B875750F-9379-4030-BF5E-027D683B75AE}.Release|Any CPU.Build.0 = Release|Any CPU
		{58CF9D45-3503-4850-AFA2-3317FD00EEDF}.Debug|Any CPU.ActiveCfg = Debug|Any CPU
		{58CF9D45-3503-4850-AFA2-3317FD00EEDF}.Debug|Any CPU.Build.0 = Debug|Any CPU
		{58CF9D45-3503-4850-AFA2-3317FD00EEDF}.Release|Any CPU.ActiveCfg = Release|Any CPU
		{58CF9D45-3503-4850-AFA2-3317FD00EEDF}.Release|Any CPU.Build.0 = Release|Any CPU
		{4DB96292-E77A-4A5B-B3CD-E52E533EF1C8}.Debug|Any CPU.ActiveCfg = Debug|Any CPU
		{4DB96292-E77A-4A5B-B3CD-E52E533EF1C8}.Debug|Any CPU.Build.0 = Debug|Any CPU
		{4DB96292-E77A-4A5B-B3CD-E52E533EF1C8}.Release|Any CPU.ActiveCfg = Release|Any CPU
		{4DB96292-E77A-4A5B-B3CD-E52E533EF1C8}.Release|Any CPU.Build.0 = Release|Any CPU
		{E9E15BF0-5C99-4F33-90CC-0C41FA4504A6}.Debug|Any CPU.ActiveCfg = Debug|Any CPU
		{E9E15BF0-5C99-4F33-90CC-0C41FA4504A6}.Debug|Any CPU.Build.0 = Debug|Any CPU
		{E9E15BF0-5C99-4F33-90CC-0C41FA4504A6}.Release|Any CPU.ActiveCfg = Release|Any CPU
		{E9E15BF0-5C99-4F33-90CC-0C41FA4504A6}.Release|Any CPU.Build.0 = Release|Any CPU
	EndGlobalSection
	GlobalSection(SolutionProperties) = preSolution
		HideSolutionNode = FALSE
	EndGlobalSection
	GlobalSection(NestedProjects) = preSolution
		{B875750F-9379-4030-BF5E-027D683B75AE} = {CA166B56-6739-42AF-92CA-04A3E9A9B254}
		{58CF9D45-3503-4850-AFA2-3317FD00EEDF} = {CA166B56-6739-42AF-92CA-04A3E9A9B254}
		{4DB96292-E77A-4A5B-B3CD-E52E533EF1C8} = {1AD14618-5FB9-4A48-B2A8-9CE9A3FFFABE}
		{E9E15BF0-5C99-4F33-90CC-0C41FA4504A6} = {41F489FF-0266-4970-9CC5-68240DD315BE}
	EndGlobalSection
	GlobalSection(ExtensibilityGlobals) = postSolution
		SolutionGuid = {5002E30B-2443-4F3B-99F1-AD531EE2FCF2}
	EndGlobalSection
EndGlobal
